// !$*UTF8*$!
{
	archiveVersion = 1;
	classes = {
	};
	objectVersion = 50;
	objects = {

/* Begin PBXBuildFile section */
		3200A21425C7024300F0D78D /* DBController.swift in Sources */ = {isa = PBXBuildFile; fileRef = 3200A21325C7024300F0D78D /* DBController.swift */; };
		3200A21725C7869600F0D78D /* CustomerExtension.swift in Sources */ = {isa = PBXBuildFile; fileRef = 3200A21625C7869600F0D78D /* CustomerExtension.swift */; };
		3200A21A25C78A6A00F0D78D /* FileDataManager.swift in Sources */ = {isa = PBXBuildFile; fileRef = 3200A21925C78A6A00F0D78D /* FileDataManager.swift */; };
		32928B6625C43FD400228A4E /* CookieKeeperApp.swift in Sources */ = {isa = PBXBuildFile; fileRef = 32928B6525C43FD400228A4E /* CookieKeeperApp.swift */; };
		32928B6825C43FD400228A4E /* ContentView.swift in Sources */ = {isa = PBXBuildFile; fileRef = 32928B6725C43FD400228A4E /* ContentView.swift */; };
		32928B6A25C43FD700228A4E /* Assets.xcassets in Resources */ = {isa = PBXBuildFile; fileRef = 32928B6925C43FD700228A4E /* Assets.xcassets */; };
		32928B6D25C43FD700228A4E /* Preview Assets.xcassets in Resources */ = {isa = PBXBuildFile; fileRef = 32928B6C25C43FD700228A4E /* Preview Assets.xcassets */; };
		32928B7625C43FF700228A4E /* Customer.swift in Sources */ = {isa = PBXBuildFile; fileRef = 32928B7525C43FF700228A4E /* Customer.swift */; };
		32928B7A25C4405200228A4E /* Cookie.swift in Sources */ = {isa = PBXBuildFile; fileRef = 32928B7925C4405200228A4E /* Cookie.swift */; };
		32928B7E25C440CC00228A4E /* Order.swift in Sources */ = {isa = PBXBuildFile; fileRef = 32928B7D25C440CC00228A4E /* Order.swift */; };
		32928B8525C4429700228A4E /* CustomerEntry.swift in Sources */ = {isa = PBXBuildFile; fileRef = 32928B8425C4429700228A4E /* CustomerEntry.swift */; };
		32928B8825C447AA00228A4E /* CustomerRowView.swift in Sources */ = {isa = PBXBuildFile; fileRef = 32928B8725C447AA00228A4E /* CustomerRowView.swift */; };
		32928B8B25C44D7000228A4E /* CustomerListView.swift in Sources */ = {isa = PBXBuildFile; fileRef = 32928B8A25C44D7000228A4E /* CustomerListView.swift */; };
		32928B8E25C45A6000228A4E /* OrderDetails.swift in Sources */ = {isa = PBXBuildFile; fileRef = 32928B8D25C45A6000228A4E /* OrderDetails.swift */; };
		32928B9125C46C0A00228A4E /* OrderListView.swift in Sources */ = {isa = PBXBuildFile; fileRef = 32928B9025C46C0A00228A4E /* OrderListView.swift */; };
		32928B9425C4702D00228A4E /* OrderRowView.swift in Sources */ = {isa = PBXBuildFile; fileRef = 32928B9325C4702D00228A4E /* OrderRowView.swift */; };
		32D2125525C8793A003A91D9 /* CustomerController.swift in Sources */ = {isa = PBXBuildFile; fileRef = 32D2125425C8793A003A91D9 /* CustomerController.swift */; };
/* End PBXBuildFile section */

/* Begin PBXFileReference section */
		3200A21325C7024300F0D78D /* DBController.swift */ = {isa = PBXFileReference; lastKnownFileType = sourcecode.swift; path = DBController.swift; sourceTree = "<group>"; };
		3200A21625C7869600F0D78D /* CustomerExtension.swift */ = {isa = PBXFileReference; lastKnownFileType = sourcecode.swift; path = CustomerExtension.swift; sourceTree = "<group>"; };
		3200A21925C78A6A00F0D78D /* FileDataManager.swift */ = {isa = PBXFileReference; lastKnownFileType = sourcecode.swift; path = FileDataManager.swift; sourceTree = "<group>"; };
		32928B6225C43FD400228A4E /* CookieKeeper.app */ = {isa = PBXFileReference; explicitFileType = wrapper.application; includeInIndex = 0; path = CookieKeeper.app; sourceTree = BUILT_PRODUCTS_DIR; };
		32928B6525C43FD400228A4E /* CookieKeeperApp.swift */ = {isa = PBXFileReference; lastKnownFileType = sourcecode.swift; path = CookieKeeperApp.swift; sourceTree = "<group>"; };
		32928B6725C43FD400228A4E /* ContentView.swift */ = {isa = PBXFileReference; lastKnownFileType = sourcecode.swift; path = ContentView.swift; sourceTree = "<group>"; };
		32928B6925C43FD700228A4E /* Assets.xcassets */ = {isa = PBXFileReference; lastKnownFileType = folder.assetcatalog; path = Assets.xcassets; sourceTree = "<group>"; };
		32928B6C25C43FD700228A4E /* Preview Assets.xcassets */ = {isa = PBXFileReference; lastKnownFileType = folder.assetcatalog; path = "Preview Assets.xcassets"; sourceTree = "<group>"; };
		32928B6E25C43FD700228A4E /* Info.plist */ = {isa = PBXFileReference; lastKnownFileType = text.plist.xml; path = Info.plist; sourceTree = "<group>"; };
		32928B7525C43FF700228A4E /* Customer.swift */ = {isa = PBXFileReference; lastKnownFileType = sourcecode.swift; path = Customer.swift; sourceTree = "<group>"; };
		32928B7925C4405200228A4E /* Cookie.swift */ = {isa = PBXFileReference; lastKnownFileType = sourcecode.swift; path = Cookie.swift; sourceTree = "<group>"; };
		32928B7D25C440CC00228A4E /* Order.swift */ = {isa = PBXFileReference; lastKnownFileType = sourcecode.swift; path = Order.swift; sourceTree = "<group>"; };
		32928B8425C4429700228A4E /* CustomerEntry.swift */ = {isa = PBXFileReference; lastKnownFileType = sourcecode.swift; path = CustomerEntry.swift; sourceTree = "<group>"; };
		32928B8725C447AA00228A4E /* CustomerRowView.swift */ = {isa = PBXFileReference; lastKnownFileType = sourcecode.swift; path = CustomerRowView.swift; sourceTree = "<group>"; };
		32928B8A25C44D7000228A4E /* CustomerListView.swift */ = {isa = PBXFileReference; lastKnownFileType = sourcecode.swift; path = CustomerListView.swift; sourceTree = "<group>"; };
		32928B8D25C45A6000228A4E /* OrderDetails.swift */ = {isa = PBXFileReference; lastKnownFileType = sourcecode.swift; path = OrderDetails.swift; sourceTree = "<group>"; };
		32928B9025C46C0A00228A4E /* OrderListView.swift */ = {isa = PBXFileReference; lastKnownFileType = sourcecode.swift; path = OrderListView.swift; sourceTree = "<group>"; };
		32928B9325C4702D00228A4E /* OrderRowView.swift */ = {isa = PBXFileReference; lastKnownFileType = sourcecode.swift; path = OrderRowView.swift; sourceTree = "<group>"; };
		32D2125425C8793A003A91D9 /* CustomerController.swift */ = {isa = PBXFileReference; lastKnownFileType = sourcecode.swift; path = CustomerController.swift; sourceTree = "<group>"; };
/* End PBXFileReference section */

/* Begin PBXFrameworksBuildPhase section */
		32928B5F25C43FD400228A4E /* Frameworks */ = {
			isa = PBXFrameworksBuildPhase;
			buildActionMask = 2147483647;
			files = (
			);
			runOnlyForDeploymentPostprocessing = 0;
		};
/* End PBXFrameworksBuildPhase section */

/* Begin PBXGroup section */
		3200A21225C7022F00F0D78D /* Controller */ = {
			isa = PBXGroup;
			children = (
				3200A21325C7024300F0D78D /* DBController.swift */,
				3200A21925C78A6A00F0D78D /* FileDataManager.swift */,
				32D2125425C8793A003A91D9 /* CustomerController.swift */,
			);
			path = Controller;
			sourceTree = "<group>";
		};
		32928B5925C43FD400228A4E = {
			isa = PBXGroup;
			children = (
				32928B6425C43FD400228A4E /* CookieKeeper */,
				32928B6325C43FD400228A4E /* Products */,
			);
			sourceTree = "<group>";
		};
		32928B6325C43FD400228A4E /* Products */ = {
			isa = PBXGroup;
			children = (
				32928B6225C43FD400228A4E /* CookieKeeper.app */,
			);
			name = Products;
			sourceTree = "<group>";
		};
		32928B6425C43FD400228A4E /* CookieKeeper */ = {
			isa = PBXGroup;
			children = (
				3200A21225C7022F00F0D78D /* Controller */,
				32928B8025C4425100228A4E /* View */,
				32928B7825C4403F00228A4E /* Model */,
				32928B6525C43FD400228A4E /* CookieKeeperApp.swift */,
				32928B6725C43FD400228A4E /* ContentView.swift */,
				32928B6925C43FD700228A4E /* Assets.xcassets */,
				32928B6E25C43FD700228A4E /* Info.plist */,
				32928B6B25C43FD700228A4E /* Preview Content */,
			);
			path = CookieKeeper;
			sourceTree = "<group>";
		};
		32928B6B25C43FD700228A4E /* Preview Content */ = {
			isa = PBXGroup;
			children = (
				32928B6C25C43FD700228A4E /* Preview Assets.xcassets */,
			);
			path = "Preview Content";
			sourceTree = "<group>";
		};
		32928B7825C4403F00228A4E /* Model */ = {
			isa = PBXGroup;
			children = (
				32928B7525C43FF700228A4E /* Customer.swift */,
				32928B7925C4405200228A4E /* Cookie.swift */,
				32928B7D25C440CC00228A4E /* Order.swift */,
				3200A21625C7869600F0D78D /* CustomerExtension.swift */,
			);
			path = Model;
			sourceTree = "<group>";
		};
		32928B8025C4425100228A4E /* View */ = {
			isa = PBXGroup;
			children = (
				32928B8325C4427400228A4E /* Order */,
				32928B8225C4426B00228A4E /* Cookie */,
				32928B8125C4426200228A4E /* Customer */,
			);
			path = View;
			sourceTree = "<group>";
		};
		32928B8125C4426200228A4E /* Customer */ = {
			isa = PBXGroup;
			children = (
				32928B8425C4429700228A4E /* CustomerEntry.swift */,
				32928B8725C447AA00228A4E /* CustomerRowView.swift */,
				32928B8A25C44D7000228A4E /* CustomerListView.swift */,
			);
			path = Customer;
			sourceTree = "<group>";
		};
		32928B8225C4426B00228A4E /* Cookie */ = {
			isa = PBXGroup;
			children = (
			);
			path = Cookie;
			sourceTree = "<group>";
		};
		32928B8325C4427400228A4E /* Order */ = {
			isa = PBXGroup;
			children = (
				32928B8D25C45A6000228A4E /* OrderDetails.swift */,
				32928B9025C46C0A00228A4E /* OrderListView.swift */,
				32928B9325C4702D00228A4E /* OrderRowView.swift */,
			);
			path = Order;
			sourceTree = "<group>";
		};
/* End PBXGroup section */

/* Begin PBXNativeTarget section */
		32928B6125C43FD400228A4E /* CookieKeeper */ = {
			isa = PBXNativeTarget;
			buildConfigurationList = 32928B7125C43FD700228A4E /* Build configuration list for PBXNativeTarget "CookieKeeper" */;
			buildPhases = (
				32928B5E25C43FD400228A4E /* Sources */,
				32928B5F25C43FD400228A4E /* Frameworks */,
				32928B6025C43FD400228A4E /* Resources */,
			);
			buildRules = (
			);
			dependencies = (
			);
			name = CookieKeeper;
			productName = CookieKeeper;
			productReference = 32928B6225C43FD400228A4E /* CookieKeeper.app */;
			productType = "com.apple.product-type.application";
		};
/* End PBXNativeTarget section */

/* Begin PBXProject section */
		32928B5A25C43FD400228A4E /* Project object */ = {
			isa = PBXProject;
			attributes = {
				LastSwiftUpdateCheck = 1240;
				LastUpgradeCheck = 1240;
				TargetAttributes = {
					32928B6125C43FD400228A4E = {
						CreatedOnToolsVersion = 12.4;
					};
				};
			};
			buildConfigurationList = 32928B5D25C43FD400228A4E /* Build configuration list for PBXProject "CookieKeeper" */;
			compatibilityVersion = "Xcode 9.3";
			developmentRegion = en;
			hasScannedForEncodings = 0;
			knownRegions = (
				en,
				Base,
			);
			mainGroup = 32928B5925C43FD400228A4E;
			productRefGroup = 32928B6325C43FD400228A4E /* Products */;
			projectDirPath = "";
			projectRoot = "";
			targets = (
				32928B6125C43FD400228A4E /* CookieKeeper */,
			);
		};
/* End PBXProject section */

/* Begin PBXResourcesBuildPhase section */
		32928B6025C43FD400228A4E /* Resources */ = {
			isa = PBXResourcesBuildPhase;
			buildActionMask = 2147483647;
			files = (
				32928B6D25C43FD700228A4E /* Preview Assets.xcassets in Resources */,
				32928B6A25C43FD700228A4E /* Assets.xcassets in Resources */,
			);
			runOnlyForDeploymentPostprocessing = 0;
		};
/* End PBXResourcesBuildPhase section */

/* Begin PBXSourcesBuildPhase section */
		32928B5E25C43FD400228A4E /* Sources */ = {
			isa = PBXSourcesBuildPhase;
			buildActionMask = 2147483647;
			files = (
				32928B7625C43FF700228A4E /* Customer.swift in Sources */,
				3200A21A25C78A6A00F0D78D /* FileDataManager.swift in Sources */,
				32928B7A25C4405200228A4E /* Cookie.swift in Sources */,
				32928B8B25C44D7000228A4E /* CustomerListView.swift in Sources */,
				32928B7E25C440CC00228A4E /* Order.swift in Sources */,
				32928B6825C43FD400228A4E /* ContentView.swift in Sources */,
				32928B9125C46C0A00228A4E /* OrderListView.swift in Sources */,
				32928B8825C447AA00228A4E /* CustomerRowView.swift in Sources */,
				32928B9425C4702D00228A4E /* OrderRowView.swift in Sources */,
				32928B8525C4429700228A4E /* CustomerEntry.swift in Sources */,
				32928B8E25C45A6000228A4E /* OrderDetails.swift in Sources */,
				32928B6625C43FD400228A4E /* CookieKeeperApp.swift in Sources */,
				3200A21425C7024300F0D78D /* DBController.swift in Sources */,
				3200A21725C7869600F0D78D /* CustomerExtension.swift in Sources */,
				32D2125525C8793A003A91D9 /* CustomerController.swift in Sources */,
			);
			runOnlyForDeploymentPostprocessing = 0;
		};
/* End PBXSourcesBuildPhase section */

/* Begin XCBuildConfiguration section */
		32928B6F25C43FD700228A4E /* Debug */ = {
			isa = XCBuildConfiguration;
			buildSettings = {
				ALWAYS_SEARCH_USER_PATHS = NO;
				CLANG_ANALYZER_NONNULL = YES;
				CLANG_ANALYZER_NUMBER_OBJECT_CONVERSION = YES_AGGRESSIVE;
				CLANG_CXX_LANGUAGE_STANDARD = "gnu++14";
				CLANG_CXX_LIBRARY = "libc++";
				CLANG_ENABLE_MODULES = YES;
				CLANG_ENABLE_OBJC_ARC = YES;
				CLANG_ENABLE_OBJC_WEAK = YES;
				CLANG_WARN_BLOCK_CAPTURE_AUTORELEASING = YES;
				CLANG_WARN_BOOL_CONVERSION = YES;
				CLANG_WARN_COMMA = YES;
				CLANG_WARN_CONSTANT_CONVERSION = YES;
				CLANG_WARN_DEPRECATED_OBJC_IMPLEMENTATIONS = YES;
				CLANG_WARN_DIRECT_OBJC_ISA_USAGE = YES_ERROR;
				CLANG_WARN_DOCUMENTATION_COMMENTS = YES;
				CLANG_WARN_EMPTY_BODY = YES;
				CLANG_WARN_ENUM_CONVERSION = YES;
				CLANG_WARN_INFINITE_RECURSION = YES;
				CLANG_WARN_INT_CONVERSION = YES;
				CLANG_WARN_NON_LITERAL_NULL_CONVERSION = YES;
				CLANG_WARN_OBJC_IMPLICIT_RETAIN_SELF = YES;
				CLANG_WARN_OBJC_LITERAL_CONVERSION = YES;
				CLANG_WARN_OBJC_ROOT_CLASS = YES_ERROR;
				CLANG_WARN_QUOTED_INCLUDE_IN_FRAMEWORK_HEADER = YES;
				CLANG_WARN_RANGE_LOOP_ANALYSIS = YES;
				CLANG_WARN_STRICT_PROTOTYPES = YES;
				CLANG_WARN_SUSPICIOUS_MOVE = YES;
				CLANG_WARN_UNGUARDED_AVAILABILITY = YES_AGGRESSIVE;
				CLANG_WARN_UNREACHABLE_CODE = YES;
				CLANG_WARN__DUPLICATE_METHOD_MATCH = YES;
				COPY_PHASE_STRIP = NO;
				DEBUG_INFORMATION_FORMAT = dwarf;
				ENABLE_STRICT_OBJC_MSGSEND = YES;
				ENABLE_TESTABILITY = YES;
				GCC_C_LANGUAGE_STANDARD = gnu11;
				GCC_DYNAMIC_NO_PIC = NO;
				GCC_NO_COMMON_BLOCKS = YES;
				GCC_OPTIMIZATION_LEVEL = 0;
				GCC_PREPROCESSOR_DEFINITIONS = (
					"DEBUG=1",
					"$(inherited)",
				);
				GCC_WARN_64_TO_32_BIT_CONVERSION = YES;
				GCC_WARN_ABOUT_RETURN_TYPE = YES_ERROR;
				GCC_WARN_UNDECLARED_SELECTOR = YES;
				GCC_WARN_UNINITIALIZED_AUTOS = YES_AGGRESSIVE;
				GCC_WARN_UNUSED_FUNCTION = YES;
				GCC_WARN_UNUSED_VARIABLE = YES;
				IPHONEOS_DEPLOYMENT_TARGET = 14.4;
				MTL_ENABLE_DEBUG_INFO = INCLUDE_SOURCE;
				MTL_FAST_MATH = YES;
				ONLY_ACTIVE_ARCH = YES;
				SDKROOT = iphoneos;
				SWIFT_ACTIVE_COMPILATION_CONDITIONS = DEBUG;
				SWIFT_OPTIMIZATION_LEVEL = "-Onone";
			};
			name = Debug;
		};
		32928B7025C43FD700228A4E /* Release */ = {
			isa = XCBuildConfiguration;
			buildSettings = {
				ALWAYS_SEARCH_USER_PATHS = NO;
				CLANG_ANALYZER_NONNULL = YES;
				CLANG_ANALYZER_NUMBER_OBJECT_CONVERSION = YES_AGGRESSIVE;
				CLANG_CXX_LANGUAGE_STANDARD = "gnu++14";
				CLANG_CXX_LIBRARY = "libc++";
				CLANG_ENABLE_MODULES = YES;
				CLANG_ENABLE_OBJC_ARC = YES;
				CLANG_ENABLE_OBJC_WEAK = YES;
				CLANG_WARN_BLOCK_CAPTURE_AUTORELEASING = YES;
				CLANG_WARN_BOOL_CONVERSION = YES;
				CLANG_WARN_COMMA = YES;
				CLANG_WARN_CONSTANT_CONVERSION = YES;
				CLANG_WARN_DEPRECATED_OBJC_IMPLEMENTATIONS = YES;
				CLANG_WARN_DIRECT_OBJC_ISA_USAGE = YES_ERROR;
				CLANG_WARN_DOCUMENTATION_COMMENTS = YES;
				CLANG_WARN_EMPTY_BODY = YES;
				CLANG_WARN_ENUM_CONVERSION = YES;
				CLANG_WARN_INFINITE_RECURSION = YES;
				CLANG_WARN_INT_CONVERSION = YES;
				CLANG_WARN_NON_LITERAL_NULL_CONVERSION = YES;
				CLANG_WARN_OBJC_IMPLICIT_RETAIN_SELF = YES;
				CLANG_WARN_OBJC_LITERAL_CONVERSION = YES;
				CLANG_WARN_OBJC_ROOT_CLASS = YES_ERROR;
				CLANG_WARN_QUOTED_INCLUDE_IN_FRAMEWORK_HEADER = YES;
				CLANG_WARN_RANGE_LOOP_ANALYSIS = YES;
				CLANG_WARN_STRICT_PROTOTYPES = YES;
				CLANG_WARN_SUSPICIOUS_MOVE = YES;
				CLANG_WARN_UNGUARDED_AVAILABILITY = YES_AGGRESSIVE;
				CLANG_WARN_UNREACHABLE_CODE = YES;
				CLANG_WARN__DUPLICATE_METHOD_MATCH = YES;
				COPY_PHASE_STRIP = NO;
				DEBUG_INFORMATION_FORMAT = "dwarf-with-dsym";
				ENABLE_NS_ASSERTIONS = NO;
				ENABLE_STRICT_OBJC_MSGSEND = YES;
				GCC_C_LANGUAGE_STANDARD = gnu11;
				GCC_NO_COMMON_BLOCKS = YES;
				GCC_WARN_64_TO_32_BIT_CONVERSION = YES;
				GCC_WARN_ABOUT_RETURN_TYPE = YES_ERROR;
				GCC_WARN_UNDECLARED_SELECTOR = YES;
				GCC_WARN_UNINITIALIZED_AUTOS = YES_AGGRESSIVE;
				GCC_WARN_UNUSED_FUNCTION = YES;
				GCC_WARN_UNUSED_VARIABLE = YES;
				IPHONEOS_DEPLOYMENT_TARGET = 14.4;
				MTL_ENABLE_DEBUG_INFO = NO;
				MTL_FAST_MATH = YES;
				SDKROOT = iphoneos;
				SWIFT_COMPILATION_MODE = wholemodule;
				SWIFT_OPTIMIZATION_LEVEL = "-O";
				VALIDATE_PRODUCT = YES;
			};
			name = Release;
		};
		32928B7225C43FD700228A4E /* Debug */ = {
			isa = XCBuildConfiguration;
			buildSettings = {
				ASSETCATALOG_COMPILER_APPICON_NAME = AppIcon;
				ASSETCATALOG_COMPILER_GLOBAL_ACCENT_COLOR_NAME = AccentColor;
				CODE_SIGN_STYLE = Automatic;
				DEVELOPMENT_ASSET_PATHS = "\"CookieKeeper/Preview Content\"";
				DEVELOPMENT_TEAM = 87W34RA6G8;
				ENABLE_PREVIEWS = YES;
				INFOPLIST_FILE = CookieKeeper/Info.plist;
				IPHONEOS_DEPLOYMENT_TARGET = 14.0;
				LD_RUNPATH_SEARCH_PATHS = (
					"$(inherited)",
					"@executable_path/Frameworks",
				);
				PRODUCT_BUNDLE_IDENTIFIER = com.niebauer.CookieKeeper;
				PRODUCT_NAME = "$(TARGET_NAME)";
				SWIFT_VERSION = 5.0;
				TARGETED_DEVICE_FAMILY = "1,2";
			};
			name = Debug;
		};
		32928B7325C43FD700228A4E /* Release */ = {
			isa = XCBuildConfiguration;
			buildSettings = {
				ASSETCATALOG_COMPILER_APPICON_NAME = AppIcon;
				ASSETCATALOG_COMPILER_GLOBAL_ACCENT_COLOR_NAME = AccentColor;
				CODE_SIGN_STYLE = Automatic;
				DEVELOPMENT_ASSET_PATHS = "\"CookieKeeper/Preview Content\"";
				DEVELOPMENT_TEAM = 87W34RA6G8;
				ENABLE_PREVIEWS = YES;
				INFOPLIST_FILE = CookieKeeper/Info.plist;
				IPHONEOS_DEPLOYMENT_TARGET = 14.0;
				LD_RUNPATH_SEARCH_PATHS = (
					"$(inherited)",
					"@executable_path/Frameworks",
				);
				PRODUCT_BUNDLE_IDENTIFIER = com.niebauer.CookieKeeper;
				PRODUCT_NAME = "$(TARGET_NAME)";
				SWIFT_VERSION = 5.0;
				TARGETED_DEVICE_FAMILY = "1,2";
			};
			name = Release;
		};
/* End XCBuildConfiguration section */

/* Begin XCConfigurationList section */
		32928B5D25C43FD400228A4E /* Build configuration list for PBXProject "CookieKeeper" */ = {
			isa = XCConfigurationList;
			buildConfigurations = (
				32928B6F25C43FD700228A4E /* Debug */,
				32928B7025C43FD700228A4E /* Release */,
			);
			defaultConfigurationIsVisible = 0;
			defaultConfigurationName = Release;
		};
		32928B7125C43FD700228A4E /* Build configuration list for PBXNativeTarget "CookieKeeper" */ = {
			isa = XCConfigurationList;
			buildConfigurations = (
				32928B7225C43FD700228A4E /* Debug */,
				32928B7325C43FD700228A4E /* Release */,
			);
			defaultConfigurationIsVisible = 0;
			defaultConfigurationName = Release;
		};
/* End XCConfigurationList section */
	};
	rootObject = 32928B5A25C43FD400228A4E /* Project object */;
}
